
Microsoft Visual Studio Solution File, Format Version 12.00
# Visual Studio Version 17
VisualStudioVersion = 17.2.32526.322
MinimumVisualStudioVersion = 10.0.40219.1
Project("{2150E333-8FDC-42A3-9474-1A3956D46DE8}") = "src", "src", "{CA9AC87F-097E-4F15-8393-4BC07735A5B0}"
EndProject
Project("{2150E333-8FDC-42A3-9474-1A3956D46DE8}") = "test", "test", "{04DBDB01-70F4-4E06-B468-8F87850B22BE}"
EndProject
Project("{2150E333-8FDC-42A3-9474-1A3956D46DE8}") = "auth", "auth", "{1C4ACF57-25F8-4924-AB4B-D4C26C9E0FC1}"
EndProject
Project("{2150E333-8FDC-42A3-9474-1A3956D46DE8}") = "common", "common", "{0FC5C74A-D6D6-4934-8C0D-184E70CE0C0B}"
EndProject
Project("{2150E333-8FDC-42A3-9474-1A3956D46DE8}") = "domain", "domain", "{766F9EE5-3EA8-48E3-BB7B-906A9DEFA412}"
EndProject
Project("{2150E333-8FDC-42A3-9474-1A3956D46DE8}") = "infrastructure", "infrastructure", "{27EC79A9-42CF-4176-B3BB-697B07AA287B}"
EndProject
Project("{2150E333-8FDC-42A3-9474-1A3956D46DE8}") = "public", "public", "{42079C50-0D57-4885-82E2-2C7CCB4BE635}"
EndProject
Project("{2150E333-8FDC-42A3-9474-1A3956D46DE8}") = "admin", "admin", "{356C65AF-4E2F-4D6A-97E7-D11B384EBFB5}"
EndProject
Project("{2150E333-8FDC-42A3-9474-1A3956D46DE8}") = "public", "public", "{EFA0AD54-9FA1-4C62-B557-A1CDC3A43AB6}"
EndProject
Project("{2150E333-8FDC-42A3-9474-1A3956D46DE8}") = "admin", "admin", "{9F28FB6E-A077-49ED-A011-9200E9D854E8}"
EndProject
Project("{2150E333-8FDC-42A3-9474-1A3956D46DE8}") = "shared", "shared", "{DC8BB66A-2EDE-43A3-8D59-6B9238D03004}"
EndProject
Project("{9A19103F-16F7-4668-BE54-9A1E7A4F7556}") = "BMHEcommerce.Admin.Application", "src\BMHEcommerce.Admin.Application\BMHEcommerce.Admin.Application.csproj", "{7D9C6059-9FE6-4622-A85B-2B3AFDCC824A}"
EndProject
Project("{9A19103F-16F7-4668-BE54-9A1E7A4F7556}") = "BMHEcommerce.Admin.Application.Contracts", "src\BMHEcommerce.Admin.Application.Contracts\BMHEcommerce.Admin.Application.Contracts.csproj", "{E8D6CE0A-6B9E-498A-9DB5-25FB301E33DC}"
EndProject
Project("{9A19103F-16F7-4668-BE54-9A1E7A4F7556}") = "BMHEcommerce.Admin.HttpApi", "src\BMHEcommerce.Admin.HttpApi\BMHEcommerce.Admin.HttpApi.csproj", "{DCB739C2-BE34-438E-9CBE-1B3F2D88272A}"
EndProject
Project("{9A19103F-16F7-4668-BE54-9A1E7A4F7556}") = "BMHEcommerce.Admin.HttpApi.Client", "src\BMHEcommerce.Admin.HttpApi.Client\BMHEcommerce.Admin.HttpApi.Client.csproj", "{78DC5411-FF6A-4E3E-B7EF-FB6D3AC7C3EA}"
EndProject
Project("{9A19103F-16F7-4668-BE54-9A1E7A4F7556}") = "BMHEcommerce.Admin.HttpApi.Host", "src\BMHEcommerce.Admin.HttpApi.Host\BMHEcommerce.Admin.HttpApi.Host.csproj", "{9744352E-2F8B-4935-8668-86DCB3D65EBD}"
EndProject
Project("{9A19103F-16F7-4668-BE54-9A1E7A4F7556}") = "BMHEcommerce.AuthServer", "src\BMHEcommerce.AuthServer\BMHEcommerce.AuthServer.csproj", "{44410F02-138A-4F1E-9203-40CA051750AB}"
EndProject
Project("{9A19103F-16F7-4668-BE54-9A1E7A4F7556}") = "BMHEcommerce.Domain", "src\BMHEcommerce.Domain\BMHEcommerce.Domain.csproj", "{AA45C712-2702-460E-B577-C01F68277A5A}"
EndProject
Project("{9A19103F-16F7-4668-BE54-9A1E7A4F7556}") = "BMHEcommerce.Domain.Shared", "src\BMHEcommerce.Domain.Shared\BMHEcommerce.Domain.Shared.csproj", "{B0F08D3C-D4A9-4425-970B-2A28A0A7F79E}"
EndProject
Project("{9A19103F-16F7-4668-BE54-9A1E7A4F7556}") = "BMHEcommerce.DbMigrator", "src\BMHEcommerce.DbMigrator\BMHEcommerce.DbMigrator.csproj", "{102D3885-FAA4-4A68-A39F-B00F33316788}"
EndProject
Project("{9A19103F-16F7-4668-BE54-9A1E7A4F7556}") = "BMHEcommerce.EntityFrameworkCore", "src\BMHEcommerce.EntityFrameworkCore\BMHEcommerce.EntityFrameworkCore.csproj", "{602049DC-B08D-4B2F-96B9-34EAD4B4B908}"
EndProject
Project("{9A19103F-16F7-4668-BE54-9A1E7A4F7556}") = "BMHEcommerce.Admin.Application.Tests", "test\BMHEcommerce.Admin.Application.Tests\BMHEcommerce.Admin.Application.Tests.csproj", "{1A191313-5046-4691-9779-391C6017E661}"
EndProject
Project("{9A19103F-16F7-4668-BE54-9A1E7A4F7556}") = "BMHEcommerce.Admin.HttpApi.Client.ConsoleTestApp", "test\BMHEcommerce.Admin.HttpApi.Client.ConsoleTestApp\BMHEcommerce.Admin.HttpApi.Client.ConsoleTestApp.csproj", "{8F183DEF-434D-49D2-AB52-4856DF4B8CFA}"
EndProject
Project("{9A19103F-16F7-4668-BE54-9A1E7A4F7556}") = "BMHEcommerce.EntityFrameworkCore.Tests", "test\BMHEcommerce.EntityFrameworkCore.Tests\BMHEcommerce.EntityFrameworkCore.Tests.csproj", "{8ECEDE29-CA4B-4633-9DDA-6D76B69A2EB9}"
EndProject
Project("{9A19103F-16F7-4668-BE54-9A1E7A4F7556}") = "BMHEcommerce.TestBase", "test\BMHEcommerce.TestBase\BMHEcommerce.TestBase.csproj", "{D9CA8FC7-1829-4F0C-900E-D0A161FDFE3E}"
EndProject
Project("{9A19103F-16F7-4668-BE54-9A1E7A4F7556}") = "BMHEcommerce.Public.Application", "src\BMHEcommerce.Public.Application\BMHEcommerce.Public.Application.csproj", "{E46C87DC-84CF-4F2F-89EC-7BCF6758E830}"
EndProject
Project("{9A19103F-16F7-4668-BE54-9A1E7A4F7556}") = "BMHEcommerce.Public.Application.Contracts", "src\BMHEcommerce.Public.Application.Contracts\BMHEcommerce.Public.Application.Contracts.csproj", "{1E9A14DF-83F5-41A4-8F0D-1CDFE4967B2C}"
EndProject
Project("{9A19103F-16F7-4668-BE54-9A1E7A4F7556}") = "BMHEcommerce.Public.HttpApi", "src\BMHEcommerce.Public.HttpApi\BMHEcommerce.Public.HttpApi.csproj", "{73ACF6DC-1A04-47CC-96DD-A402870CD0E8}"
EndProject
Project("{9A19103F-16F7-4668-BE54-9A1E7A4F7556}") = "BMHEcommerce.Public.HttpApi.Client", "src\BMHEcommerce.Public.HttpApi.Client\BMHEcommerce.Public.HttpApi.Client.csproj", "{909EBA8F-4E98-4138-B01E-CFACB5CE1A39}"
EndProject
Project("{9A19103F-16F7-4668-BE54-9A1E7A4F7556}") = "BMHEcommerce.Public.Web", "src\BMHEcommerce.Public.Web\BMHEcommerce.Public.Web.csproj", "{E9BD686A-544D-4D43-BC76-3D511E9F34DE}"
EndProject
Project("{9A19103F-16F7-4668-BE54-9A1E7A4F7556}") = "BMHEcommerce.Public.Application.Tests", "test\BMHEcommerce.Public.Application.Tests\BMHEcommerce.Public.Application.Tests.csproj", "{98F99851-ABBD-4606-B1B7-E7D3EBCEEE0C}"
EndProject
Project("{9A19103F-16F7-4668-BE54-9A1E7A4F7556}") = "BMHEcommerce.Public.HttpApi.Client.ConsoleTestApp", "test\BMHEcommerce.Public.HttpApi.Client.ConsoleTestApp\BMHEcommerce.Public.HttpApi.Client.ConsoleTestApp.csproj", "{ABE78993-B81B-4014-9F7F-40B5432A61CB}"
EndProject
Project("{9A19103F-16F7-4668-BE54-9A1E7A4F7556}") = "BMHEcommerce.Domain.Tests", "test\BMHEcommerce.Domain.Tests\BMHEcommerce.Domain.Tests.csproj", "{A0C1413C-811C-42BA-B32D-6BE99AEF8A7C}"
EndProject
Project("{FAE04EC0-301F-11D3-BF4B-00C04F79EFBC}") = "BMHEcommerce.BackgroundWokers", "src\BMHEcommerce.BackgroundWokers\BMHEcommerce.BackgroundWokers.csproj", "{FBAF2AA8-94DE-4E8A-AAA4-5FF2C3D9D21C}"
EndProject
Global
	GlobalSection(SolutionConfigurationPlatforms) = preSolution
		Debug|Any CPU = Debug|Any CPU
		Release|Any CPU = Release|Any CPU
	EndGlobalSection
	GlobalSection(ProjectConfigurationPlatforms) = postSolution
		{7D9C6059-9FE6-4622-A85B-2B3AFDCC824A}.Debug|Any CPU.ActiveCfg = Debug|Any CPU
		{7D9C6059-9FE6-4622-A85B-2B3AFDCC824A}.Debug|Any CPU.Build.0 = Debug|Any CPU
		{7D9C6059-9FE6-4622-A85B-2B3AFDCC824A}.Release|Any CPU.ActiveCfg = Release|Any CPU
		{7D9C6059-9FE6-4622-A85B-2B3AFDCC824A}.Release|Any CPU.Build.0 = Release|Any CPU
		{E8D6CE0A-6B9E-498A-9DB5-25FB301E33DC}.Debug|Any CPU.ActiveCfg = Debug|Any CPU
		{E8D6CE0A-6B9E-498A-9DB5-25FB301E33DC}.Debug|Any CPU.Build.0 = Debug|Any CPU
		{E8D6CE0A-6B9E-498A-9DB5-25FB301E33DC}.Release|Any CPU.ActiveCfg = Release|Any CPU
		{E8D6CE0A-6B9E-498A-9DB5-25FB301E33DC}.Release|Any CPU.Build.0 = Release|Any CPU
		{DCB739C2-BE34-438E-9CBE-1B3F2D88272A}.Debug|Any CPU.ActiveCfg = Debug|Any CPU
		{DCB739C2-BE34-438E-9CBE-1B3F2D88272A}.Debug|Any CPU.Build.0 = Debug|Any CPU
		{DCB739C2-BE34-438E-9CBE-1B3F2D88272A}.Release|Any CPU.ActiveCfg = Release|Any CPU
		{DCB739C2-BE34-438E-9CBE-1B3F2D88272A}.Release|Any CPU.Build.0 = Release|Any CPU
		{78DC5411-FF6A-4E3E-B7EF-FB6D3AC7C3EA}.Debug|Any CPU.ActiveCfg = Debug|Any CPU
		{78DC5411-FF6A-4E3E-B7EF-FB6D3AC7C3EA}.Debug|Any CPU.Build.0 = Debug|Any CPU
		{78DC5411-FF6A-4E3E-B7EF-FB6D3AC7C3EA}.Release|Any CPU.ActiveCfg = Release|Any CPU
		{78DC5411-FF6A-4E3E-B7EF-FB6D3AC7C3EA}.Release|Any CPU.Build.0 = Release|Any CPU
		{9744352E-2F8B-4935-8668-86DCB3D65EBD}.Debug|Any CPU.ActiveCfg = Debug|Any CPU
		{9744352E-2F8B-4935-8668-86DCB3D65EBD}.Debug|Any CPU.Build.0 = Debug|Any CPU
		{9744352E-2F8B-4935-8668-86DCB3D65EBD}.Release|Any CPU.ActiveCfg = Release|Any CPU
		{9744352E-2F8B-4935-8668-86DCB3D65EBD}.Release|Any CPU.Build.0 = Release|Any CPU
		{44410F02-138A-4F1E-9203-40CA051750AB}.Debug|Any CPU.ActiveCfg = Debug|Any CPU
		{44410F02-138A-4F1E-9203-40CA051750AB}.Debug|Any CPU.Build.0 = Debug|Any CPU
		{44410F02-138A-4F1E-9203-40CA051750AB}.Release|Any CPU.ActiveCfg = Release|Any CPU
		{44410F02-138A-4F1E-9203-40CA051750AB}.Release|Any CPU.Build.0 = Release|Any CPU
		{AA45C712-2702-460E-B577-C01F68277A5A}.Debug|Any CPU.ActiveCfg = Debug|Any CPU
		{AA45C712-2702-460E-B577-C01F68277A5A}.Debug|Any CPU.Build.0 = Debug|Any CPU
		{AA45C712-2702-460E-B577-C01F68277A5A}.Release|Any CPU.ActiveCfg = Release|Any CPU
		{AA45C712-2702-460E-B577-C01F68277A5A}.Release|Any CPU.Build.0 = Release|Any CPU
		{B0F08D3C-D4A9-4425-970B-2A28A0A7F79E}.Debug|Any CPU.ActiveCfg = Debug|Any CPU
		{B0F08D3C-D4A9-4425-970B-2A28A0A7F79E}.Debug|Any CPU.Build.0 = Debug|Any CPU
		{B0F08D3C-D4A9-4425-970B-2A28A0A7F79E}.Release|Any CPU.ActiveCfg = Release|Any CPU
		{B0F08D3C-D4A9-4425-970B-2A28A0A7F79E}.Release|Any CPU.Build.0 = Release|Any CPU
		{102D3885-FAA4-4A68-A39F-B00F33316788}.Debug|Any CPU.ActiveCfg = Debug|Any CPU
		{102D3885-FAA4-4A68-A39F-B00F33316788}.Debug|Any CPU.Build.0 = Debug|Any CPU
		{102D3885-FAA4-4A68-A39F-B00F33316788}.Release|Any CPU.ActiveCfg = Release|Any CPU
		{102D3885-FAA4-4A68-A39F-B00F33316788}.Release|Any CPU.Build.0 = Release|Any CPU
		{602049DC-B08D-4B2F-96B9-34EAD4B4B908}.Debug|Any CPU.ActiveCfg = Debug|Any CPU
		{602049DC-B08D-4B2F-96B9-34EAD4B4B908}.Debug|Any CPU.Build.0 = Debug|Any CPU
		{602049DC-B08D-4B2F-96B9-34EAD4B4B908}.Release|Any CPU.ActiveCfg = Release|Any CPU
		{602049DC-B08D-4B2F-96B9-34EAD4B4B908}.Release|Any CPU.Build.0 = Release|Any CPU
		{1A191313-5046-4691-9779-391C6017E661}.Debug|Any CPU.ActiveCfg = Debug|Any CPU
		{1A191313-5046-4691-9779-391C6017E661}.Debug|Any CPU.Build.0 = Debug|Any CPU
		{1A191313-5046-4691-9779-391C6017E661}.Release|Any CPU.ActiveCfg = Release|Any CPU
		{1A191313-5046-4691-9779-391C6017E661}.Release|Any CPU.Build.0 = Release|Any CPU
		{8F183DEF-434D-49D2-AB52-4856DF4B8CFA}.Debug|Any CPU.ActiveCfg = Debug|Any CPU
		{8F183DEF-434D-49D2-AB52-4856DF4B8CFA}.Debug|Any CPU.Build.0 = Debug|Any CPU
		{8F183DEF-434D-49D2-AB52-4856DF4B8CFA}.Release|Any CPU.ActiveCfg = Release|Any CPU
		{8F183DEF-434D-49D2-AB52-4856DF4B8CFA}.Release|Any CPU.Build.0 = Release|Any CPU
		{8ECEDE29-CA4B-4633-9DDA-6D76B69A2EB9}.Debug|Any CPU.ActiveCfg = Debug|Any CPU
		{8ECEDE29-CA4B-4633-9DDA-6D76B69A2EB9}.Debug|Any CPU.Build.0 = Debug|Any CPU
		{8ECEDE29-CA4B-4633-9DDA-6D76B69A2EB9}.Release|Any CPU.ActiveCfg = Release|Any CPU
		{8ECEDE29-CA4B-4633-9DDA-6D76B69A2EB9}.Release|Any CPU.Build.0 = Release|Any CPU
		{D9CA8FC7-1829-4F0C-900E-D0A161FDFE3E}.Debug|Any CPU.ActiveCfg = Debug|Any CPU
		{D9CA8FC7-1829-4F0C-900E-D0A161FDFE3E}.Debug|Any CPU.Build.0 = Debug|Any CPU
		{D9CA8FC7-1829-4F0C-900E-D0A161FDFE3E}.Release|Any CPU.ActiveCfg = Release|Any CPU
		{D9CA8FC7-1829-4F0C-900E-D0A161FDFE3E}.Release|Any CPU.Build.0 = Release|Any CPU
		{E46C87DC-84CF-4F2F-89EC-7BCF6758E830}.Debug|Any CPU.ActiveCfg = Debug|Any CPU
		{E46C87DC-84CF-4F2F-89EC-7BCF6758E830}.Debug|Any CPU.Build.0 = Debug|Any CPU
		{E46C87DC-84CF-4F2F-89EC-7BCF6758E830}.Release|Any CPU.ActiveCfg = Release|Any CPU
		{E46C87DC-84CF-4F2F-89EC-7BCF6758E830}.Release|Any CPU.Build.0 = Release|Any CPU
		{1E9A14DF-83F5-41A4-8F0D-1CDFE4967B2C}.Debug|Any CPU.ActiveCfg = Debug|Any CPU
		{1E9A14DF-83F5-41A4-8F0D-1CDFE4967B2C}.Debug|Any CPU.Build.0 = Debug|Any CPU
		{1E9A14DF-83F5-41A4-8F0D-1CDFE4967B2C}.Release|Any CPU.ActiveCfg = Release|Any CPU
		{1E9A14DF-83F5-41A4-8F0D-1CDFE4967B2C}.Release|Any CPU.Build.0 = Release|Any CPU
		{73ACF6DC-1A04-47CC-96DD-A402870CD0E8}.Debug|Any CPU.ActiveCfg = Debug|Any CPU
		{73ACF6DC-1A04-47CC-96DD-A402870CD0E8}.Debug|Any CPU.Build.0 = Debug|Any CPU
		{73ACF6DC-1A04-47CC-96DD-A402870CD0E8}.Release|Any CPU.ActiveCfg = Release|Any CPU
		{73ACF6DC-1A04-47CC-96DD-A402870CD0E8}.Release|Any CPU.Build.0 = Release|Any CPU
		{909EBA8F-4E98-4138-B01E-CFACB5CE1A39}.Debug|Any CPU.ActiveCfg = Debug|Any CPU
		{909EBA8F-4E98-4138-B01E-CFACB5CE1A39}.Debug|Any CPU.Build.0 = Debug|Any CPU
		{909EBA8F-4E98-4138-B01E-CFACB5CE1A39}.Release|Any CPU.ActiveCfg = Release|Any CPU
		{909EBA8F-4E98-4138-B01E-CFACB5CE1A39}.Release|Any CPU.Build.0 = Release|Any CPU
		{E9BD686A-544D-4D43-BC76-3D511E9F34DE}.Debug|Any CPU.ActiveCfg = Debug|Any CPU
		{E9BD686A-544D-4D43-BC76-3D511E9F34DE}.Debug|Any CPU.Build.0 = Debug|Any CPU
		{E9BD686A-544D-4D43-BC76-3D511E9F34DE}.Release|Any CPU.ActiveCfg = Release|Any CPU
		{E9BD686A-544D-4D43-BC76-3D511E9F34DE}.Release|Any CPU.Build.0 = Release|Any CPU
		{98F99851-ABBD-4606-B1B7-E7D3EBCEEE0C}.Debug|Any CPU.ActiveCfg = Debug|Any CPU
		{98F99851-ABBD-4606-B1B7-E7D3EBCEEE0C}.Debug|Any CPU.Build.0 = Debug|Any CPU
		{98F99851-ABBD-4606-B1B7-E7D3EBCEEE0C}.Release|Any CPU.ActiveCfg = Release|Any CPU
		{98F99851-ABBD-4606-B1B7-E7D3EBCEEE0C}.Release|Any CPU.Build.0 = Release|Any CPU
		{ABE78993-B81B-4014-9F7F-40B5432A61CB}.Debug|Any CPU.ActiveCfg = Debug|Any CPU
		{ABE78993-B81B-4014-9F7F-40B5432A61CB}.Debug|Any CPU.Build.0 = Debug|Any CPU
		{ABE78993-B81B-4014-9F7F-40B5432A61CB}.Release|Any CPU.ActiveCfg = Release|Any CPU
		{ABE78993-B81B-4014-9F7F-40B5432A61CB}.Release|Any CPU.Build.0 = Release|Any CPU
		{A0C1413C-811C-42BA-B32D-6BE99AEF8A7C}.Debug|Any CPU.ActiveCfg = Debug|Any CPU
		{A0C1413C-811C-42BA-B32D-6BE99AEF8A7C}.Debug|Any CPU.Build.0 = Debug|Any CPU
		{A0C1413C-811C-42BA-B32D-6BE99AEF8A7C}.Release|Any CPU.ActiveCfg = Release|Any CPU
		{A0C1413C-811C-42BA-B32D-6BE99AEF8A7C}.Release|Any CPU.Build.0 = Release|Any CPU
		{FBAF2AA8-94DE-4E8A-AAA4-5FF2C3D9D21C}.Debug|Any CPU.ActiveCfg = Debug|Any CPU
		{FBAF2AA8-94DE-4E8A-AAA4-5FF2C3D9D21C}.Debug|Any CPU.Build.0 = Debug|Any CPU
		{FBAF2AA8-94DE-4E8A-AAA4-5FF2C3D9D21C}.Release|Any CPU.ActiveCfg = Release|Any CPU
		{FBAF2AA8-94DE-4E8A-AAA4-5FF2C3D9D21C}.Release|Any CPU.Build.0 = Release|Any CPU
	EndGlobalSection
	GlobalSection(SolutionProperties) = preSolution
		HideSolutionNode = FALSE
	EndGlobalSection
	GlobalSection(NestedProjects) = preSolution
		{1C4ACF57-25F8-4924-AB4B-D4C26C9E0FC1} = {CA9AC87F-097E-4F15-8393-4BC07735A5B0}
		{0FC5C74A-D6D6-4934-8C0D-184E70CE0C0B} = {CA9AC87F-097E-4F15-8393-4BC07735A5B0}
		{766F9EE5-3EA8-48E3-BB7B-906A9DEFA412} = {0FC5C74A-D6D6-4934-8C0D-184E70CE0C0B}
		{27EC79A9-42CF-4176-B3BB-697B07AA287B} = {0FC5C74A-D6D6-4934-8C0D-184E70CE0C0B}
		{42079C50-0D57-4885-82E2-2C7CCB4BE635} = {CA9AC87F-097E-4F15-8393-4BC07735A5B0}
		{356C65AF-4E2F-4D6A-97E7-D11B384EBFB5} = {CA9AC87F-097E-4F15-8393-4BC07735A5B0}
		{EFA0AD54-9FA1-4C62-B557-A1CDC3A43AB6} = {04DBDB01-70F4-4E06-B468-8F87850B22BE}
		{9F28FB6E-A077-49ED-A011-9200E9D854E8} = {04DBDB01-70F4-4E06-B468-8F87850B22BE}
		{DC8BB66A-2EDE-43A3-8D59-6B9238D03004} = {04DBDB01-70F4-4E06-B468-8F87850B22BE}
		{7D9C6059-9FE6-4622-A85B-2B3AFDCC824A} = {356C65AF-4E2F-4D6A-97E7-D11B384EBFB5}
		{E8D6CE0A-6B9E-498A-9DB5-25FB301E33DC} = {356C65AF-4E2F-4D6A-97E7-D11B384EBFB5}
		{DCB739C2-BE34-438E-9CBE-1B3F2D88272A} = {356C65AF-4E2F-4D6A-97E7-D11B384EBFB5}
		{78DC5411-FF6A-4E3E-B7EF-FB6D3AC7C3EA} = {356C65AF-4E2F-4D6A-97E7-D11B384EBFB5}
		{9744352E-2F8B-4935-8668-86DCB3D65EBD} = {356C65AF-4E2F-4D6A-97E7-D11B384EBFB5}
		{44410F02-138A-4F1E-9203-40CA051750AB} = {1C4ACF57-25F8-4924-AB4B-D4C26C9E0FC1}
		{AA45C712-2702-460E-B577-C01F68277A5A} = {766F9EE5-3EA8-48E3-BB7B-906A9DEFA412}
		{B0F08D3C-D4A9-4425-970B-2A28A0A7F79E} = {766F9EE5-3EA8-48E3-BB7B-906A9DEFA412}
		{102D3885-FAA4-4A68-A39F-B00F33316788} = {27EC79A9-42CF-4176-B3BB-697B07AA287B}
		{602049DC-B08D-4B2F-96B9-34EAD4B4B908} = {27EC79A9-42CF-4176-B3BB-697B07AA287B}
		{1A191313-5046-4691-9779-391C6017E661} = {9F28FB6E-A077-49ED-A011-9200E9D854E8}
		{8F183DEF-434D-49D2-AB52-4856DF4B8CFA} = {9F28FB6E-A077-49ED-A011-9200E9D854E8}
		{8ECEDE29-CA4B-4633-9DDA-6D76B69A2EB9} = {DC8BB66A-2EDE-43A3-8D59-6B9238D03004}
		{D9CA8FC7-1829-4F0C-900E-D0A161FDFE3E} = {DC8BB66A-2EDE-43A3-8D59-6B9238D03004}
		{E46C87DC-84CF-4F2F-89EC-7BCF6758E830} = {42079C50-0D57-4885-82E2-2C7CCB4BE635}
		{1E9A14DF-83F5-41A4-8F0D-1CDFE4967B2C} = {42079C50-0D57-4885-82E2-2C7CCB4BE635}
		{73ACF6DC-1A04-47CC-96DD-A402870CD0E8} = {42079C50-0D57-4885-82E2-2C7CCB4BE635}
		{909EBA8F-4E98-4138-B01E-CFACB5CE1A39} = {42079C50-0D57-4885-82E2-2C7CCB4BE635}
		{E9BD686A-544D-4D43-BC76-3D511E9F34DE} = {42079C50-0D57-4885-82E2-2C7CCB4BE635}
		{98F99851-ABBD-4606-B1B7-E7D3EBCEEE0C} = {EFA0AD54-9FA1-4C62-B557-A1CDC3A43AB6}
		{ABE78993-B81B-4014-9F7F-40B5432A61CB} = {EFA0AD54-9FA1-4C62-B557-A1CDC3A43AB6}
		{A0C1413C-811C-42BA-B32D-6BE99AEF8A7C} = {EFA0AD54-9FA1-4C62-B557-A1CDC3A43AB6}
		{FBAF2AA8-94DE-4E8A-AAA4-5FF2C3D9D21C} = {27EC79A9-42CF-4176-B3BB-697B07AA287B}
	EndGlobalSection
	GlobalSection(ExtensibilityGlobals) = postSolution
		SolutionGuid = {28315BFD-90E7-4E14-A2EA-F3D23AF4126F}
	EndGlobalSection
EndGlobal
